
Microsoft Visual Studio Solution File, Format Version 12.00
# Visual Studio 15
VisualStudioVersion = 15.0.28307.102
MinimumVisualStudioVersion = 10.0.40219.1
Project("{8BC9CEB8-8B4A-11D0-8D11-00A0C91BC942}") = "ddsconv", "ddsconv\ddsconv.vcxproj", "{079C7C0C-614A-4D53-99ED-56B6475C0DCD}"
	ProjectSection(ProjectDependencies) = postProject
		{9B44F7B9-A9AF-45A4-8695-96792A18B052} = {9B44F7B9-A9AF-45A4-8695-96792A18B052}
	EndProjectSection
EndProject
Project("{8BC9CEB8-8B4A-11D0-8D11-00A0C91BC942}") = "ispc_texcomp", "ispc_texcomp\ispc_texcomp.vcxproj", "{9B44F7B9-A9AF-45A4-8695-96792A18B052}"
EndProject
Global
	GlobalSection(SolutionConfigurationPlatforms) = preSolution
		Debug|x64 = Debug|x64
		Debug|x86 = Debug|x86
		Release|x64 = Release|x64
		Release|x86 = Release|x86
	EndGlobalSection
	GlobalSection(ProjectConfigurationPlatforms) = postSolution
		{079C7C0C-614A-4D53-99ED-56B6475C0DCD}.Debug|x64.ActiveCfg = Debug|x64
		{079C7C0C-614A-4D53-99ED-56B6475C0DCD}.Debug|x64.Build.0 = Debug|x64
		{079C7C0C-614A-4D53-99ED-56B6475C0DCD}.Debug|x86.ActiveCfg = Debug|Win32
		{079C7C0C-614A-4D53-99ED-56B6475C0DCD}.Debug|x86.Build.0 = Debug|Win32
		{079C7C0C-614A-4D53-99ED-56B6475C0DCD}.Release|x64.ActiveCfg = Release|x64
		{079C7C0C-614A-4D53-99ED-56B6475C0DCD}.Release|x64.Build.0 = Release|x64
		{079C7C0C-614A-4D53-99ED-56B6475C0DCD}.Release|x86.ActiveCfg = Release|Win32
		{079C7C0C-614A-4D53-99ED-56B6475C0DCD}.Release|x86.Build.0 = Release|Win32
		{9B44F7B9-A9AF-45A4-8695-96792A18B052}.Debug|x64.ActiveCfg = Debug|x64
		{9B44F7B9-A9AF-45A4-8695-96792A18B052}.Debug|x64.Build.0 = Debug|x64
		{9B44F7B9-A9AF-45A4-8695-96792A18B052}.Debug|x86.ActiveCfg = Debug|Win32
		{9B44F7B9-A9AF-45A4-8695-96792A18B052}.Debug|x86.Build.0 = Debug|Win32
		{9B44F7B9-A9AF-45A4-8695-96792A18B052}.Release|x64.ActiveCfg = Release|x64
		{9B44F7B9-A9AF-45A4-8695-96792A18B052}.Release|x64.Build.0 = Release|x64
		{9B44F7B9-A9AF-45A4-8695-96792A18B052}.Release|x86.ActiveCfg = Release|Win32
		{9B44F7B9-A9AF-45A4-8695-96792A18B052}.Release|x86.Build.0 = Release|Win32
	EndGlobalSection
	GlobalSection(SolutionProperties) = preSolution
		HideSolutionNode = FALSE
	EndGlobalSection
	GlobalSection(ExtensibilityGlobals) = postSolution
		SolutionGuid = {3AA63BDE-4B56-4E98-BDED-E81A593D9C23}
	EndGlobalSection
EndGlobal
